
Microsoft Visual Studio Solution File, Format Version 12.00
# Visual Studio Version 16
VisualStudioVersion = 16.0.29905.134
MinimumVisualStudioVersion = 10.0.40219.1
Project("{8BC9CEB8-8B4A-11D0-8D11-00A0C91BC942}") = "CG_Basics", "CG_Basics.vcxproj", "{696E5513-0FDF-417F-8393-4D28B5DED566}"
EndProject
Global
	GlobalSection(SolutionConfigurationPlatforms) = preSolution
		Debug|x64 = Debug|x64
		Debug|x86 = Debug|x86
		Release|x64 = Release|x64
		Release|x86 = Release|x86
	EndGlobalSection
	GlobalSection(ProjectConfigurationPlatforms) = postSolution
		{696E5513-0FDF-417F-8393-4D28B5DED566}.Debug|x64.ActiveCfg = Debug|x64
		{696E5513-0FDF-417F-8393-4D28B5DED566}.Debug|x64.Build.0 = Debug|x64
		{696E5513-0FDF-417F-8393-4D28B5DED566}.Debug|x86.ActiveCfg = Debug|Win32
		{696E5513-0FDF-417F-8393-4D28B5DED566}.Debug|x86.Build.0 = Debug|Win32
		{696E5513-0FDF-417F-8393-4D28B5DED566}.Release|x64.ActiveCfg = Release|x64
		{696E5513-0FDF-417F-8393-4D28B5DED566}.Release|x64.Build.0 = Release|x64
		{696E5513-0FDF-417F-8393-4D28B5DED566}.Release|x86.ActiveCfg = Release|Win32
		{696E5513-0FDF-417F-8393-4D28B5DED566}.Release|x86.Build.0 = Release|Win32
	EndGlobalSection
	GlobalSection(SolutionProperties) = preSolution
		HideSolutionNode = FALSE
	EndGlobalSection
	GlobalSection(ExtensibilityGlobals) = postSolution
		SolutionGuid = {E72DB487-9CEF-48E2-8290-C7A44D4A3904}
	EndGlobalSection
EndGlobal
